{
    "version": 3,
    "terraform_version": "0.11.11",
    "serial": 14,
    "lineage": "6162891c-1515-c352-a2be-a046de9f39c1",
    "modules": [
        {
            "path": [
                "root"
            ],
            "outputs": {
                "Application load balancer Endpoint": {
                    "sensitive": false,
                    "type": "string",
                    "value": "internal-simbu-lb-tf-2113089398.us-west-2.elb.amazonaws.com"
                },
                "web server load balancer Endpoint": {
                    "sensitive": false,
                    "type": "string",
                    "value": "internal-frontend-lb-tf-433230610.us-west-2.elb.amazonaws.com"
                }
            },
            "resources": {
                "aws_key_pair.tf_demo": {
                    "type": "aws_key_pair",
                    "depends_on": [],
                    "primary": {
                        "id": "tf_demo",
                        "attributes": {
                            "fingerprint": "7d:96:64:50:7e:75:3e:42:20:c6:30:6f:c1:e0:a8:4d",
                            "id": "tf_demo",
                            "key_name": "tf_demo",
                            "public_key": "---- BEGIN SSH2 PUBLIC KEY ----\nComment: \"rsa-key-20190123\"\nAAAAB3NzaC1yc2EAAAABJQAAAQEAv+HU+LLe3Rk+Z89rom2/2G3mBPK433V0sNuq\nd8AM1YALAtiaeQnk8KxtlkYucdYrdZ6EIrPZBAtC7R5XG7kv3slvbmro2LPgIFl2\nz26dVk7WhvfanUTdVySNmMV8FKFo0Kl+GJuYUhX8axyKxjMm7A7+SW2YOJ2Xg9r2\neVR3fV5B0JKtat9+JlFLhqdXvkTcKiyEsWlUG5QrUK4unmmeM4jUlsu18qHpMqr6\nkJxfB0NLy0/4/kHZkoKNupgs2lc098nZ9z5iYGGrO3lat2aSLK0waamYfUroo4Wi\nm4CcBdky6pIRC4rEDl56a0Aj3fa0LJhIDwtMQ+/yfgJE0BaGPQ==\n---- END SSH2 PUBLIC KEY ----"
                        },
                        "meta": {
                            "schema_version": "1"
                        },
                        "tainted": false
                    },
                    "deposed": [],
                    "provider": "provider.aws"
                },
                "aws_launch_configuration.for_appserver": {
                    "type": "aws_launch_configuration",
                    "depends_on": [
                        "aws_key_pair.tf_demo",
                        "aws_security_group.webservers",
                        "data.aws_ami.ubuntu"
                    ],
                    "primary": {
                        "id": "appsever-autoscaling-gp",
                        "attributes": {
                            "associate_public_ip_address": "false",
                            "ebs_block_device.#": "0",
                            "ebs_optimized": "false",
                            "enable_monitoring": "true",
                            "ephemeral_block_device.#": "0",
                            "iam_instance_profile": "",
                            "id": "appsever-autoscaling-gp",
                            "image_id": "ami-956e39ed",
                            "instance_type": "t2.micro",
                            "key_name": "tf_demo",
                            "name": "appsever-autoscaling-gp",
                            "root_block_device.#": "1",
                            "root_block_device.0.delete_on_termination": "true",
                            "root_block_device.0.iops": "0",
                            "root_block_device.0.volume_size": "50",
                            "root_block_device.0.volume_type": "gp2",
                            "security_groups.#": "1",
                            "security_groups.3197502600": "sg-0d16c8bd9de400eed",
                            "spot_price": "",
                            "user_data": "9fda2dde14a064559dec6bae6fc62c4146263c43",
                            "vpc_classic_link_id": "",
                            "vpc_classic_link_security_groups.#": "0"
                        },
                        "meta": {},
                        "tainted": false
                    },
                    "deposed": [],
                    "provider": "provider.aws"
                },
                "aws_lb_target_group.back_end": {
                    "type": "aws_lb_target_group",
                    "depends_on": [
                        "aws_vpc.simbu_vpc"
                    ],
                    "primary": {
                        "id": "arn:aws:elasticloadbalancing:us-west-2:148966020674:targetgroup/Target-Group-for-Backend/8c69941867544dc3",
                        "attributes": {
                            "arn": "arn:aws:elasticloadbalancing:us-west-2:148966020674:targetgroup/Target-Group-for-Backend/8c69941867544dc3",
                            "arn_suffix": "targetgroup/Target-Group-for-Backend/8c69941867544dc3",
                            "deregistration_delay": "300",
                            "health_check.#": "1",
                            "health_check.0.healthy_threshold": "5",
                            "health_check.0.interval": "30",
                            "health_check.0.matcher": "200",
                            "health_check.0.path": "/",
                            "health_check.0.port": "traffic-port",
                            "health_check.0.protocol": "HTTP",
                            "health_check.0.timeout": "5",
                            "health_check.0.unhealthy_threshold": "2",
                            "id": "arn:aws:elasticloadbalancing:us-west-2:148966020674:targetgroup/Target-Group-for-Backend/8c69941867544dc3",
                            "name": "Target-Group-for-Backend",
                            "port": "80",
                            "protocol": "HTTP",
                            "proxy_protocol_v2": "false",
                            "slow_start": "0",
                            "stickiness.#": "1",
                            "stickiness.0.cookie_duration": "86400",
                            "stickiness.0.enabled": "false",
                            "stickiness.0.type": "lb_cookie",
                            "tags.%": "0",
                            "target_type": "instance",
                            "vpc_id": "vpc-04d4ab7d48567c972"
                        },
                        "meta": {},
                        "tainted": false
                    },
                    "deposed": [],
                    "provider": "provider.aws"
                },
                "aws_security_group.webservers": {
                    "type": "aws_security_group",
                    "depends_on": [
                        "aws_vpc.simbu_vpc"
                    ],
                    "primary": {
                        "id": "sg-0d16c8bd9de400eed",
                        "attributes": {
                            "arn": "arn:aws:ec2:us-west-2:148966020674:security-group/sg-0d16c8bd9de400eed",
                            "description": "Allow Http all inbound traffic",
                            "egress.#": "1",
                            "egress.482069346.cidr_blocks.#": "1",
                            "egress.482069346.cidr_blocks.0": "0.0.0.0/0",
                            "egress.482069346.description": "",
                            "egress.482069346.from_port": "0",
                            "egress.482069346.ipv6_cidr_blocks.#": "0",
                            "egress.482069346.prefix_list_ids.#": "0",
                            "egress.482069346.protocol": "-1",
                            "egress.482069346.security_groups.#": "0",
                            "egress.482069346.self": "false",
                            "egress.482069346.to_port": "0",
                            "id": "sg-0d16c8bd9de400eed",
                            "ingress.#": "3",
                            "ingress.2214680975.cidr_blocks.#": "1",
                            "ingress.2214680975.cidr_blocks.0": "0.0.0.0/0",
                            "ingress.2214680975.description": "",
                            "ingress.2214680975.from_port": "80",
                            "ingress.2214680975.ipv6_cidr_blocks.#": "0",
                            "ingress.2214680975.prefix_list_ids.#": "0",
                            "ingress.2214680975.protocol": "Tcp",
                            "ingress.2214680975.security_groups.#": "0",
                            "ingress.2214680975.self": "false",
                            "ingress.2214680975.to_port": "80",
                            "ingress.2541437006.cidr_blocks.#": "1",
                            "ingress.2541437006.cidr_blocks.0": "0.0.0.0/0",
                            "ingress.2541437006.description": "",
                            "ingress.2541437006.from_port": "22",
                            "ingress.2541437006.ipv6_cidr_blocks.#": "0",
                            "ingress.2541437006.prefix_list_ids.#": "0",
                            "ingress.2541437006.protocol": "Tcp",
                            "ingress.2541437006.security_groups.#": "0",
                            "ingress.2541437006.self": "false",
                            "ingress.2541437006.to_port": "22",
                            "ingress.2617001939.cidr_blocks.#": "1",
                            "ingress.2617001939.cidr_blocks.0": "0.0.0.0/0",
                            "ingress.2617001939.description": "",
                            "ingress.2617001939.from_port": "443",
                            "ingress.2617001939.ipv6_cidr_blocks.#": "0",
                            "ingress.2617001939.prefix_list_ids.#": "0",
                            "ingress.2617001939.protocol": "Tcp",
                            "ingress.2617001939.security_groups.#": "0",
                            "ingress.2617001939.self": "false",
                            "ingress.2617001939.to_port": "443",
                            "name": "Http",
                            "owner_id": "148966020674",
                            "revoke_rules_on_delete": "false",
                            "tags.%": "0",
                            "vpc_id": "vpc-04d4ab7d48567c972"
                        },
                        "meta": {
                            "e2bfb730-ecaa-11e6-8f88-34363bc7c4c0": {
                                "create": 600000000000,
                                "delete": 600000000000
                            },
                            "schema_version": "1"
                        },
                        "tainted": false
                    },
                    "deposed": [],
                    "provider": "provider.aws"
                },
                "aws_subnet.private": {
                    "type": "aws_subnet",
                    "depends_on": [
                        "aws_vpc.simbu_vpc"
                    ],
                    "primary": {
                        "id": "subnet-08c6eb297dc3ca824",
                        "attributes": {
                            "arn": "arn:aws:ec2:us-west-2:148966020674:subnet/subnet-08c6eb297dc3ca824",
                            "assign_ipv6_address_on_creation": "false",
                            "availability_zone": "us-west-2b",
                            "availability_zone_id": "usw2-az1",
                            "cidr_block": "10.10.2.0/24",
                            "id": "subnet-08c6eb297dc3ca824",
                            "ipv6_cidr_block": "",
                            "ipv6_cidr_block_association_id": "",
                            "map_public_ip_on_launch": "false",
                            "owner_id": "148966020674",
                            "tags.%": "1",
                            "tags.Name": "Subnet-2",
                            "vpc_id": "vpc-04d4ab7d48567c972"
                        },
                        "meta": {
                            "e2bfb730-ecaa-11e6-8f88-34363bc7c4c0": {
                                "create": 600000000000,
                                "delete": 600000000000
                            },
                            "schema_version": "1"
                        },
                        "tainted": false
                    },
                    "deposed": [],
                    "provider": "provider.aws"
                },
                "aws_subnet.private2": {
                    "type": "aws_subnet",
                    "depends_on": [
                        "aws_vpc.simbu_vpc"
                    ],
                    "primary": {
                        "id": "subnet-0b16f4a45e606a66d",
                        "attributes": {
                            "arn": "arn:aws:ec2:us-west-2:148966020674:subnet/subnet-0b16f4a45e606a66d",
                            "assign_ipv6_address_on_creation": "false",
                            "availability_zone": "us-west-2a",
                            "availability_zone_id": "usw2-az2",
                            "cidr_block": "10.10.4.0/24",
                            "id": "subnet-0b16f4a45e606a66d",
                            "ipv6_cidr_block": "",
                            "ipv6_cidr_block_association_id": "",
                            "map_public_ip_on_launch": "false",
                            "owner_id": "148966020674",
                            "tags.%": "1",
                            "tags.Name": "Subnet-4",
                            "vpc_id": "vpc-04d4ab7d48567c972"
                        },
                        "meta": {
                            "e2bfb730-ecaa-11e6-8f88-34363bc7c4c0": {
                                "create": 600000000000,
                                "delete": 600000000000
                            },
                            "schema_version": "1"
                        },
                        "tainted": false
                    },
                    "deposed": [],
                    "provider": "provider.aws"
                },
                "aws_vpc.simbu_vpc": {
                    "type": "aws_vpc",
                    "depends_on": [],
                    "primary": {
                        "id": "vpc-04d4ab7d48567c972",
                        "attributes": {
                            "arn": "arn:aws:ec2:us-west-2:148966020674:vpc/vpc-04d4ab7d48567c972",
                            "assign_generated_ipv6_cidr_block": "false",
                            "cidr_block": "10.10.0.0/16",
                            "default_network_acl_id": "acl-0165633c7e45ffbcb",
                            "default_route_table_id": "rtb-056b36bfefea3cb0a",
                            "default_security_group_id": "sg-04fb25ee9bf863860",
                            "dhcp_options_id": "dopt-52e32c2a",
                            "enable_classiclink": "false",
                            "enable_classiclink_dns_support": "false",
                            "enable_dns_hostnames": "true",
                            "enable_dns_support": "true",
                            "id": "vpc-04d4ab7d48567c972",
                            "instance_tenancy": "default",
                            "ipv6_association_id": "",
                            "ipv6_cidr_block": "",
                            "main_route_table_id": "rtb-056b36bfefea3cb0a",
                            "owner_id": "148966020674",
                            "tags.%": "1",
                            "tags.Name": "Simbuvpc"
                        },
                        "meta": {
                            "schema_version": "1"
                        },
                        "tainted": false
                    },
                    "deposed": [],
                    "provider": "provider.aws"
                },
                "data.aws_ami.ubuntu": {
                    "type": "aws_ami",
                    "depends_on": [],
                    "primary": {
                        "id": "ami-956e39ed",
                        "attributes": {
                            "architecture": "x86_64",
                            "block_device_mappings.#": "3",
                            "block_device_mappings.2249169000.device_name": "/dev/xvda",
                            "block_device_mappings.2249169000.ebs.%": "6",
                            "block_device_mappings.2249169000.ebs.delete_on_termination": "true",
                            "block_device_mappings.2249169000.ebs.encrypted": "false",
                            "block_device_mappings.2249169000.ebs.iops": "0",
                            "block_device_mappings.2249169000.ebs.snapshot_id": "snap-07e343badcfb6f657",
                            "block_device_mappings.2249169000.ebs.volume_size": "50",
                            "block_device_mappings.2249169000.ebs.volume_type": "gp2",
                            "block_device_mappings.2249169000.no_device": "",
                            "block_device_mappings.2249169000.virtual_name": "",
                            "block_device_mappings.3754555969.device_name": "/dev/xvdb",
                            "block_device_mappings.3754555969.ebs.%": "0",
                            "block_device_mappings.3754555969.no_device": "",
                            "block_device_mappings.3754555969.virtual_name": "ephemeral0",
                            "block_device_mappings.550926806.device_name": "/dev/xvdf",
                            "block_device_mappings.550926806.ebs.%": "6",
                            "block_device_mappings.550926806.ebs.delete_on_termination": "true",
                            "block_device_mappings.550926806.ebs.encrypted": "false",
                            "block_device_mappings.550926806.ebs.iops": "0",
                            "block_device_mappings.550926806.ebs.snapshot_id": "",
                            "block_device_mappings.550926806.ebs.volume_size": "100",
                            "block_device_mappings.550926806.ebs.volume_type": "gp2",
                            "block_device_mappings.550926806.no_device": "",
                            "block_device_mappings.550926806.virtual_name": "",
                            "creation_date": "2018-07-05T10:04:06.000Z",
                            "description": "The  AMI is an EBS-backed image based off Amazon Linux AMI (HVM). On first boot it downloads and installs the latest version of  ready for you to use.",
                            "filter.#": "2",
                            "filter.3861726902.name": "name",
                            "filter.3861726902.values.#": "1",
                            "filter.3861726902.values.0": "2018.07.05_0948 (HVM)",
                            "filter.490168357.name": "virtualization-type",
                            "filter.490168357.values.#": "1",
                            "filter.490168357.values.0": "hvm",
                            "hypervisor": "xen",
                            "id": "ami-956e39ed",
                            "image_id": "ami-956e39ed",
                            "image_location": "515798882395/2018.07.05_0948 (HVM)",
                            "image_type": "machine",
                            "most_recent": "true",
                            "name": "2018.07.05_0948 (HVM)",
                            "owner_id": "515798882395",
                            "owners.#": "1",
                            "owners.0": "515798882395",
                            "product_codes.#": "0",
                            "public": "true",
                            "root_device_name": "/dev/xvda",
                            "root_device_type": "ebs",
                            "root_snapshot_id": "snap-07e343badcfb6f657",
                            "sriov_net_support": "simple",
                            "state": "available",
                            "state_reason.%": "2",
                            "state_reason.code": "UNSET",
                            "state_reason.message": "UNSET",
                            "tags.%": "0",
                            "virtualization_type": "hvm"
                        },
                        "meta": {},
                        "tainted": false
                    },
                    "deposed": [],
                    "provider": "provider.aws"
                }
            },
            "depends_on": []
        }
    ]
}
